dependencies:
  ws: 6.2.1
lockfileVersion: 5
packages:
  /async-limiter/1.0.0:
    dev: false
    resolution:
      integrity: sha512-jp/uFnooOiO+L211eZOoSyzpOITMXx1rBITauYykG3BRYPu8h0UcxsPNB04RR5vo4Tyz3+ay17tR6JVf9qzYWg==
  /ws/6.2.1:
    dependencies:
      async-limiter: 1.0.0
    dev: false
    resolution:
      integrity: sha512-GIyAXC2cB7LjvpgMt9EKS2ldqr0MTrORaleiOno6TweZ6r3TKtoFQWay/2PceJ3RuBasOHzXNn5Lrw1X0bEjqA==
specifiers:
  ws: ^6.2.1
